
Microsoft Visual Studio Solution File, Format Version 12.00
# Visual Studio Version 16
VisualStudioVersion = 16.0.29306.81
MinimumVisualStudioVersion = 10.0.40219.1
Project("{FAE04EC0-301F-11D3-BF4B-00C04F79EFBC}") = "MapMonitor", "MapMonitor\MapMonitor.csproj", "{0112C372-75DE-4B3B-BD8A-E7FA62D8B0E2}"
EndProject
Global
	GlobalSection(SolutionConfigurationPlatforms) = preSolution
		Debug|Any CPU = Debug|Any CPU
		Release|Any CPU = Release|Any CPU
	EndGlobalSection
	GlobalSection(ProjectConfigurationPlatforms) = postSolution
		{0112C372-75DE-4B3B-BD8A-E7FA62D8B0E2}.Debug|Any CPU.ActiveCfg = Debug|Any CPU
		{0112C372-75DE-4B3B-BD8A-E7FA62D8B0E2}.Debug|Any CPU.Build.0 = Debug|Any CPU
		{0112C372-75DE-4B3B-BD8A-E7FA62D8B0E2}.Release|Any CPU.ActiveCfg = Release|Any CPU
		{0112C372-75DE-4B3B-BD8A-E7FA62D8B0E2}.Release|Any CPU.Build.0 = Release|Any CPU
	EndGlobalSection
	GlobalSection(SolutionProperties) = preSolution
		HideSolutionNode = FALSE
	EndGlobalSection
	GlobalSection(ExtensibilityGlobals) = postSolution
		SolutionGuid = {467C28A9-9839-4CEC-8708-A68E808725FB}
	EndGlobalSection
EndGlobal
